
Microsoft Visual Studio Solution File, Format Version 12.00
# Visual Studio Version 16
VisualStudioVersion = 16.6.30114.105
MinimumVisualStudioVersion = 10.0.40219.1
Project("{9A19103F-16F7-4668-BE54-9A1E7A4F7556}") = "PizzaBox.Client", "PizzaBox.Client\PizzaBox.Client.csproj", "{94E36816-1576-469F-85E6-E37670B57F43}"
	ProjectSection(ProjectDependencies) = postProject
		{D25318CF-85B1-4A7F-B80F-7B825BF19DFB} = {D25318CF-85B1-4A7F-B80F-7B825BF19DFB}
	EndProjectSection
EndProject
Project("{9A19103F-16F7-4668-BE54-9A1E7A4F7556}") = "PizzaBox.Domain", "PizzaBox.Domain\PizzaBox.Domain.csproj", "{D25318CF-85B1-4A7F-B80F-7B825BF19DFB}"
EndProject
Project("{9A19103F-16F7-4668-BE54-9A1E7A4F7556}") = "PizzaBox.Storing", "PizzaBox.Storing\PizzaBox.Storing.csproj", "{2BE5B66D-10F3-4C08-8078-4B03E83B9356}"
EndProject
Project("{9A19103F-16F7-4668-BE54-9A1E7A4F7556}") = "PizzaBox.DAL", "PizzaBox.DAL\PizzaBox.DAL.csproj", "{9F01947A-3532-4573-8ADE-454B4C4D5762}"
EndProject
Global
	GlobalSection(SolutionConfigurationPlatforms) = preSolution
		Debug|Any CPU = Debug|Any CPU
		Debug|x64 = Debug|x64
		Debug|x86 = Debug|x86
		Release|Any CPU = Release|Any CPU
		Release|x64 = Release|x64
		Release|x86 = Release|x86
	EndGlobalSection
	GlobalSection(ProjectConfigurationPlatforms) = postSolution
		{94E36816-1576-469F-85E6-E37670B57F43}.Debug|Any CPU.ActiveCfg = Debug|Any CPU
		{94E36816-1576-469F-85E6-E37670B57F43}.Debug|Any CPU.Build.0 = Debug|Any CPU
		{94E36816-1576-469F-85E6-E37670B57F43}.Debug|x64.ActiveCfg = Debug|Any CPU
		{94E36816-1576-469F-85E6-E37670B57F43}.Debug|x64.Build.0 = Debug|Any CPU
		{94E36816-1576-469F-85E6-E37670B57F43}.Debug|x86.ActiveCfg = Debug|Any CPU
		{94E36816-1576-469F-85E6-E37670B57F43}.Debug|x86.Build.0 = Debug|Any CPU
		{94E36816-1576-469F-85E6-E37670B57F43}.Release|Any CPU.ActiveCfg = Release|Any CPU
		{94E36816-1576-469F-85E6-E37670B57F43}.Release|Any CPU.Build.0 = Release|Any CPU
		{94E36816-1576-469F-85E6-E37670B57F43}.Release|x64.ActiveCfg = Release|Any CPU
		{94E36816-1576-469F-85E6-E37670B57F43}.Release|x64.Build.0 = Release|Any CPU
		{94E36816-1576-469F-85E6-E37670B57F43}.Release|x86.ActiveCfg = Release|Any CPU
		{94E36816-1576-469F-85E6-E37670B57F43}.Release|x86.Build.0 = Release|Any CPU
		{D25318CF-85B1-4A7F-B80F-7B825BF19DFB}.Debug|Any CPU.ActiveCfg = Debug|Any CPU
		{D25318CF-85B1-4A7F-B80F-7B825BF19DFB}.Debug|Any CPU.Build.0 = Debug|Any CPU
		{D25318CF-85B1-4A7F-B80F-7B825BF19DFB}.Debug|x64.ActiveCfg = Debug|Any CPU
		{D25318CF-85B1-4A7F-B80F-7B825BF19DFB}.Debug|x64.Build.0 = Debug|Any CPU
		{D25318CF-85B1-4A7F-B80F-7B825BF19DFB}.Debug|x86.ActiveCfg = Debug|Any CPU
		{D25318CF-85B1-4A7F-B80F-7B825BF19DFB}.Debug|x86.Build.0 = Debug|Any CPU
		{D25318CF-85B1-4A7F-B80F-7B825BF19DFB}.Release|Any CPU.ActiveCfg = Release|Any CPU
		{D25318CF-85B1-4A7F-B80F-7B825BF19DFB}.Release|Any CPU.Build.0 = Release|Any CPU
		{D25318CF-85B1-4A7F-B80F-7B825BF19DFB}.Release|x64.ActiveCfg = Release|Any CPU
		{D25318CF-85B1-4A7F-B80F-7B825BF19DFB}.Release|x64.Build.0 = Release|Any CPU
		{D25318CF-85B1-4A7F-B80F-7B825BF19DFB}.Release|x86.ActiveCfg = Release|Any CPU
		{D25318CF-85B1-4A7F-B80F-7B825BF19DFB}.Release|x86.Build.0 = Release|Any CPU
		{2BE5B66D-10F3-4C08-8078-4B03E83B9356}.Debug|Any CPU.ActiveCfg = Debug|Any CPU
		{2BE5B66D-10F3-4C08-8078-4B03E83B9356}.Debug|Any CPU.Build.0 = Debug|Any CPU
		{2BE5B66D-10F3-4C08-8078-4B03E83B9356}.Debug|x64.ActiveCfg = Debug|Any CPU
		{2BE5B66D-10F3-4C08-8078-4B03E83B9356}.Debug|x64.Build.0 = Debug|Any CPU
		{2BE5B66D-10F3-4C08-8078-4B03E83B9356}.Debug|x86.ActiveCfg = Debug|Any CPU
		{2BE5B66D-10F3-4C08-8078-4B03E83B9356}.Debug|x86.Build.0 = Debug|Any CPU
		{2BE5B66D-10F3-4C08-8078-4B03E83B9356}.Release|Any CPU.ActiveCfg = Release|Any CPU
		{2BE5B66D-10F3-4C08-8078-4B03E83B9356}.Release|Any CPU.Build.0 = Release|Any CPU
		{2BE5B66D-10F3-4C08-8078-4B03E83B9356}.Release|x64.ActiveCfg = Release|Any CPU
		{2BE5B66D-10F3-4C08-8078-4B03E83B9356}.Release|x64.Build.0 = Release|Any CPU
		{2BE5B66D-10F3-4C08-8078-4B03E83B9356}.Release|x86.ActiveCfg = Release|Any CPU
		{2BE5B66D-10F3-4C08-8078-4B03E83B9356}.Release|x86.Build.0 = Release|Any CPU
		{9F01947A-3532-4573-8ADE-454B4C4D5762}.Debug|Any CPU.ActiveCfg = Debug|Any CPU
		{9F01947A-3532-4573-8ADE-454B4C4D5762}.Debug|Any CPU.Build.0 = Debug|Any CPU
		{9F01947A-3532-4573-8ADE-454B4C4D5762}.Debug|x64.ActiveCfg = Debug|Any CPU
		{9F01947A-3532-4573-8ADE-454B4C4D5762}.Debug|x64.Build.0 = Debug|Any CPU
		{9F01947A-3532-4573-8ADE-454B4C4D5762}.Debug|x86.ActiveCfg = Debug|Any CPU
		{9F01947A-3532-4573-8ADE-454B4C4D5762}.Debug|x86.Build.0 = Debug|Any CPU
		{9F01947A-3532-4573-8ADE-454B4C4D5762}.Release|Any CPU.ActiveCfg = Release|Any CPU
		{9F01947A-3532-4573-8ADE-454B4C4D5762}.Release|Any CPU.Build.0 = Release|Any CPU
		{9F01947A-3532-4573-8ADE-454B4C4D5762}.Release|x64.ActiveCfg = Release|Any CPU
		{9F01947A-3532-4573-8ADE-454B4C4D5762}.Release|x64.Build.0 = Release|Any CPU
		{9F01947A-3532-4573-8ADE-454B4C4D5762}.Release|x86.ActiveCfg = Release|Any CPU
		{9F01947A-3532-4573-8ADE-454B4C4D5762}.Release|x86.Build.0 = Release|Any CPU
	EndGlobalSection
	GlobalSection(SolutionProperties) = preSolution
		HideSolutionNode = FALSE
	EndGlobalSection
	GlobalSection(ExtensibilityGlobals) = postSolution
		SolutionGuid = {4EC713FE-28FC-4C20-AC5F-CCE987F9AEAA}
	EndGlobalSection
EndGlobal
